
Microsoft Visual Studio Solution File, Format Version 12.00
# Visual Studio Version 17
VisualStudioVersion = 17.6.33815.320
MinimumVisualStudioVersion = 10.0.40219.1
Project("{FAE04EC0-301F-11D3-BF4B-00C04F79EFBC}") = "WebApplication6", "WebApplication6\WebApplication6.csproj", "{D93950E1-BB01-4B35-BD09-CB68655BF729}"
EndProject
Global
	GlobalSection(SolutionConfigurationPlatforms) = preSolution
		Debug|Any CPU = Debug|Any CPU
		Release|Any CPU = Release|Any CPU
	EndGlobalSection
	GlobalSection(ProjectConfigurationPlatforms) = postSolution
		{D93950E1-BB01-4B35-BD09-CB68655BF729}.Debug|Any CPU.ActiveCfg = Debug|Any CPU
		{D93950E1-BB01-4B35-BD09-CB68655BF729}.Debug|Any CPU.Build.0 = Debug|Any CPU
		{D93950E1-BB01-4B35-BD09-CB68655BF729}.Release|Any CPU.ActiveCfg = Release|Any CPU
		{D93950E1-BB01-4B35-BD09-CB68655BF729}.Release|Any CPU.Build.0 = Release|Any CPU
	EndGlobalSection
	GlobalSection(SolutionProperties) = preSolution
		HideSolutionNode = FALSE
	EndGlobalSection
	GlobalSection(ExtensibilityGlobals) = postSolution
		SolutionGuid = {CE93D9B0-9CCD-4699-BF83-2A1E7F3FD235}
	EndGlobalSection
EndGlobal
